
Microsoft Visual Studio Solution File, Format Version 12.00
# Visual Studio Version 17
VisualStudioVersion = 17.14.36623.8 d17.14
MinimumVisualStudioVersion = 10.0.40219.1
Project("{FAE04EC0-301F-11D3-BF4B-00C04F79EFBC}") = "TaskManagementAPI", "TaskManagementAPI.csproj", "{69674FEC-8F1C-43E2-B680-C2D64128A511}"
EndProject
Global
	GlobalSection(SolutionConfigurationPlatforms) = preSolution
		Debug|Any CPU = Debug|Any CPU
		Release|Any CPU = Release|Any CPU
	EndGlobalSection
	GlobalSection(ProjectConfigurationPlatforms) = postSolution
		{69674FEC-8F1C-43E2-B680-C2D64128A511}.Debug|Any CPU.ActiveCfg = Debug|Any CPU
		{69674FEC-8F1C-43E2-B680-C2D64128A511}.Debug|Any CPU.Build.0 = Debug|Any CPU
		{69674FEC-8F1C-43E2-B680-C2D64128A511}.Release|Any CPU.ActiveCfg = Release|Any CPU
		{69674FEC-8F1C-43E2-B680-C2D64128A511}.Release|Any CPU.Build.0 = Release|Any CPU
	EndGlobalSection
	GlobalSection(SolutionProperties) = preSolution
		HideSolutionNode = FALSE
	EndGlobalSection
	GlobalSection(ExtensibilityGlobals) = postSolution
		SolutionGuid = {654A3431-3C77-468B-AB99-8F3800AF7987}
	EndGlobalSection
EndGlobal
